
Microsoft Visual Studio Solution File, Format Version 12.00
# Visual Studio 15
VisualStudioVersion = 15.0.27703.2000
MinimumVisualStudioVersion = 10.0.40219.1
Project("{FAE04EC0-301F-11D3-BF4B-00C04F79EFBC}") = "WebApp", "WebApp\WebApp.csproj", "{0665E098-010A-4006-9EAB-CF3B8A85FE72}"
EndProject
Project("{FAE04EC0-301F-11D3-BF4B-00C04F79EFBC}") = "DAL", "DAL\DAL.csproj", "{17E05019-B2D9-48DC-9E57-AB13F7A5C8A9}"
EndProject
Project("{FAE04EC0-301F-11D3-BF4B-00C04F79EFBC}") = "BLL", "BLL\BLL.csproj", "{33BB1220-5EA3-45F2-B5FD-39DC44377A51}"
EndProject
Project("{FAE04EC0-301F-11D3-BF4B-00C04F79EFBC}") = "BLL.UnitTests", "BLL.UnitTests\BLL.UnitTests.csproj", "{720EC0C4-C1D4-4760-918F-A431CF25BD24}"
EndProject
Global
	GlobalSection(SolutionConfigurationPlatforms) = preSolution
		Debug|Any CPU = Debug|Any CPU
		Release|Any CPU = Release|Any CPU
	EndGlobalSection
	GlobalSection(ProjectConfigurationPlatforms) = postSolution
		{0665E098-010A-4006-9EAB-CF3B8A85FE72}.Debug|Any CPU.ActiveCfg = Debug|Any CPU
		{0665E098-010A-4006-9EAB-CF3B8A85FE72}.Debug|Any CPU.Build.0 = Debug|Any CPU
		{0665E098-010A-4006-9EAB-CF3B8A85FE72}.Release|Any CPU.ActiveCfg = Release|Any CPU
		{0665E098-010A-4006-9EAB-CF3B8A85FE72}.Release|Any CPU.Build.0 = Release|Any CPU
		{17E05019-B2D9-48DC-9E57-AB13F7A5C8A9}.Debug|Any CPU.ActiveCfg = Debug|Any CPU
		{17E05019-B2D9-48DC-9E57-AB13F7A5C8A9}.Debug|Any CPU.Build.0 = Debug|Any CPU
		{17E05019-B2D9-48DC-9E57-AB13F7A5C8A9}.Release|Any CPU.ActiveCfg = Release|Any CPU
		{17E05019-B2D9-48DC-9E57-AB13F7A5C8A9}.Release|Any CPU.Build.0 = Release|Any CPU
		{33BB1220-5EA3-45F2-B5FD-39DC44377A51}.Debug|Any CPU.ActiveCfg = Debug|Any CPU
		{33BB1220-5EA3-45F2-B5FD-39DC44377A51}.Debug|Any CPU.Build.0 = Debug|Any CPU
		{33BB1220-5EA3-45F2-B5FD-39DC44377A51}.Release|Any CPU.ActiveCfg = Release|Any CPU
		{33BB1220-5EA3-45F2-B5FD-39DC44377A51}.Release|Any CPU.Build.0 = Release|Any CPU
		{720EC0C4-C1D4-4760-918F-A431CF25BD24}.Debug|Any CPU.ActiveCfg = Debug|Any CPU
		{720EC0C4-C1D4-4760-918F-A431CF25BD24}.Debug|Any CPU.Build.0 = Debug|Any CPU
		{720EC0C4-C1D4-4760-918F-A431CF25BD24}.Release|Any CPU.ActiveCfg = Release|Any CPU
		{720EC0C4-C1D4-4760-918F-A431CF25BD24}.Release|Any CPU.Build.0 = Release|Any CPU
	EndGlobalSection
	GlobalSection(SolutionProperties) = preSolution
		HideSolutionNode = FALSE
	EndGlobalSection
	GlobalSection(ExtensibilityGlobals) = postSolution
		SolutionGuid = {8CE5DFF3-4814-4C98-B3EC-46525D53D558}
	EndGlobalSection
EndGlobal
